
Microsoft Visual Studio Solution File, Format Version 12.00
# Visual Studio Version 17
VisualStudioVersion = 17.8.34330.188
MinimumVisualStudioVersion = 10.0.40219.1
Project("{9A19103F-16F7-4668-BE54-9A1E7A4F7556}") = "Comfy.Core", "Comfy.Core\Comfy.Core.csproj", "{90AAE638-6B9C-4D21-940C-28720FA056BC}"
EndProject
Project("{FAE04EC0-301F-11D3-BF4B-00C04F79EFBC}") = "Comfy.DataAccess", "Comfy.DataAccess\Comfy.DataAccess.csproj", "{04C8F735-81CB-4DB2-88FE-04094E68F9CE}"
EndProject
Global
	GlobalSection(SolutionConfigurationPlatforms) = preSolution
		Debug|Any CPU = Debug|Any CPU
		Release|Any CPU = Release|Any CPU
	EndGlobalSection
	GlobalSection(ProjectConfigurationPlatforms) = postSolution
		{90AAE638-6B9C-4D21-940C-28720FA056BC}.Debug|Any CPU.ActiveCfg = Debug|Any CPU
		{90AAE638-6B9C-4D21-940C-28720FA056BC}.Debug|Any CPU.Build.0 = Debug|Any CPU
		{90AAE638-6B9C-4D21-940C-28720FA056BC}.Release|Any CPU.ActiveCfg = Release|Any CPU
		{90AAE638-6B9C-4D21-940C-28720FA056BC}.Release|Any CPU.Build.0 = Release|Any CPU
		{04C8F735-81CB-4DB2-88FE-04094E68F9CE}.Debug|Any CPU.ActiveCfg = Debug|Any CPU
		{04C8F735-81CB-4DB2-88FE-04094E68F9CE}.Debug|Any CPU.Build.0 = Debug|Any CPU
		{04C8F735-81CB-4DB2-88FE-04094E68F9CE}.Release|Any CPU.ActiveCfg = Release|Any CPU
		{04C8F735-81CB-4DB2-88FE-04094E68F9CE}.Release|Any CPU.Build.0 = Release|Any CPU
	EndGlobalSection
	GlobalSection(SolutionProperties) = preSolution
		HideSolutionNode = FALSE
	EndGlobalSection
	GlobalSection(ExtensibilityGlobals) = postSolution
		SolutionGuid = {9FE72EDE-0187-490A-A00B-75131B237432}
	EndGlobalSection
EndGlobal
